{
  "name": "bgmna_alignment_vote",
  "version": "0.1.0",
  "lockfileVersion": 1,
  "requires": true,
  "dependencies": {
    "@types/simplebar": {
      "version": "5.1.1",
      "resolved": "https://registry.npmjs.org/@types/simplebar/-/simplebar-5.1.1.tgz",
      "integrity": "sha512-nC9iBQ4dfvvzJ3iAbL1qCfwjUyaF8EO56l/ApcRXUFK2zLOb8GDXC55V08JZvpzkUxGHtWVunp17KKH/3/KFJA=="
    },
    "body-scroll-lock": {
      "version": "2.7.1",
      "resolved": "https://registry.npmjs.org/body-scroll-lock/-/body-scroll-lock-2.7.1.tgz",
      "integrity": "sha512-hS53SQ8RhM0e4DsQ3PKz6Gr2O7Kpdh59TWU98GHjaQznL7y4dFycEPk7pFQAikqBaUSCArkc5E3pe7CWIt2fZA=="
    },
    "can-use-dom": {
      "version": "0.1.0",
      "resolved": "https://registry.npmjs.org/can-use-dom/-/can-use-dom-0.1.0.tgz",
      "integrity": "sha1-IsxKNKCrxDlQ9CxkEQJKP2NmtFo="
    },
    "core-js": {
      "version": "3.6.5",
      "resolved": "https://registry.npmjs.org/core-js/-/core-js-3.6.5.tgz",
      "integrity": "sha512-vZVEEwZoIsI+vPEuoF9Iqf5H7/M3eeQqWlQnYa8FSKKePuYTf5MWnxb5SDAzCa60b3JBRS5g9b+Dq7b1y/RCrA=="
    },
    "dayjs": {
      "version": "1.8.29",
      "resolved": "https://registry.npmjs.org/dayjs/-/dayjs-1.8.29.tgz",
      "integrity": "sha512-Vm6teig8ZWK7rH/lxzVGxZJCljPdmUr6q/3f4fr5F0VWNGVkZEjZOQJsAN8hUHUqn+NK4XHNEpJZS1MwLyDcLw=="
    },
    "keycode": {
      "version": "2.2.0",
      "resolved": "https://registry.npmjs.org/keycode/-/keycode-2.2.0.tgz",
      "integrity": "sha1-PQr1bce4uOXLqNCpfxByBO7CKwQ="
    },
    "lodash.debounce": {
      "version": "4.0.8",
      "resolved": "https://registry.npmjs.org/lodash.debounce/-/lodash.debounce-4.0.8.tgz",
      "integrity": "sha1-gteb/zCmfEAF/9XiUVMArZyk168="
    },
    "lodash.memoize": {
      "version": "4.1.2",
      "resolved": "https://registry.npmjs.org/lodash.memoize/-/lodash.memoize-4.1.2.tgz",
      "integrity": "sha1-vMbEmkKihA7Zl/Mj6tpezRguC/4="
    },
    "lodash.throttle": {
      "version": "4.1.1",
      "resolved": "https://registry.npmjs.org/lodash.throttle/-/lodash.throttle-4.1.1.tgz",
      "integrity": "sha1-wj6RtxAkKscMN/HhzaknTMOb8vQ="
    },
    "muse-ui": {
      "version": "3.0.2",
      "resolved": "https://registry.npmjs.org/muse-ui/-/muse-ui-3.0.2.tgz",
      "integrity": "sha512-oIH8wEKQqXA6xbb3HzprxC2xoF7P8G01uvF+Jhs6VtbxQjO7VVkKKFu2Mb2NmhX3mMU2EBCgE8wlTU29ffjkPA==",
      "requires": {
        "body-scroll-lock": "^2.6.1",
        "dayjs": "^1.8.2",
        "keycode": "^2.1.9",
        "normalize-wheel": "^1.0.1",
        "resize-observer-polyfill": "^1.5.0"
      }
    },
    "normalize-wheel": {
      "version": "1.0.1",
      "resolved": "https://registry.npmjs.org/normalize-wheel/-/normalize-wheel-1.0.1.tgz",
      "integrity": "sha1-rsiGr/2wRQcNhWRH32Ls+GFG7EU="
    },
    "resize-observer-polyfill": {
      "version": "1.5.1",
      "resolved": "https://registry.npmjs.org/resize-observer-polyfill/-/resize-observer-polyfill-1.5.1.tgz",
      "integrity": "sha512-LwZrotdHOo12nQuZlHEmtuXdqGoOD0OhaxopaNFxWzInpEgaLWoVuAMbTzixuosCx2nEG58ngzW3vxdWoxIgdg=="
    },
    "simplebar": {
      "version": "5.2.1",
      "resolved": "https://registry.npmjs.org/simplebar/-/simplebar-5.2.1.tgz",
      "integrity": "sha512-nfOsptB/tb1kzSOaDIJFcrm8EXj5J0pZBPLGetJR8SE6v+97cbedtlNH/L81okgjsFlF11kDndmZ0mscaGAILw==",
      "requires": {
        "can-use-dom": "^0.1.0",
        "core-js": "^3.0.1",
        "lodash.debounce": "^4.0.8",
        "lodash.memoize": "^4.1.2",
        "lodash.throttle": "^4.1.1",
        "resize-observer-polyfill": "^1.5.1"
      }
    },
    "simplebar-vue": {
      "version": "1.5.1",
      "resolved": "https://registry.npmjs.org/simplebar-vue/-/simplebar-vue-1.5.1.tgz",
      "integrity": "sha512-EuM58B7pYAwaYovaTuGayp2QTm0jKDzLNC9uey9q/NOTI6Gg71O4rduXgb6+vJJJQRsXqxyXR4LMvYnhA9hjuA==",
      "requires": {
        "core-js": "^3.0.1",
        "simplebar": "^5.2.1"
      }
    },
    "vue": {
      "version": "2.6.11",
      "resolved": "https://registry.npmjs.org/vue/-/vue-2.6.11.tgz",
      "integrity": "sha512-VfPwgcGABbGAue9+sfrD4PuwFar7gPb1yl1UK1MwXoQPAw0BKSqWfoYCT/ThFrdEVWoI51dBuyCoiNU9bZDZxQ=="
    },
    "vue-class-component": {
      "version": "7.2.4",
      "resolved": "https://registry.npmjs.org/vue-class-component/-/vue-class-component-7.2.4.tgz",
      "integrity": "sha512-3LMd3yITe6wcHJ5Lyz85MSsNJrUUWeIBKnGO/YUV1ZwH2i4YmrE7t8T8eRLG45aqMlgi/BRFRyfNh3Us7k/v5Q=="
    },
    "vue-property-decorator": {
      "version": "8.5.1",
      "resolved": "https://registry.npmjs.org/vue-property-decorator/-/vue-property-decorator-8.5.1.tgz",
      "integrity": "sha512-O6OUN2OMsYTGPvgFtXeBU3jPnX5ffQ9V4I1WfxFQ6dqz6cOUbR3Usou7kgFpfiXDvV7dJQSFcJ5yUPgOtPPm1Q==",
      "requires": {
        "vue-class-component": "^7.1.0"
      }
    },
    "vue-router": {
      "version": "3.3.4",
      "resolved": "https://registry.npmjs.org/vue-router/-/vue-router-3.3.4.tgz",
      "integrity": "sha512-SdKRBeoXUjaZ9R/8AyxsdTqkOfMcI5tWxPZOUX5Ie1BTL5rPSZ0O++pbiZCeYeythiZIdLEfkDiQPKIaWk5hDg=="
    }
  }
}
